# This file is autogenerated, do not edit; changes may be undone by the next 'dep ensure'.


[[projects]]
  name = "github.com/naoina/go-stringutil"
  packages = ["."]
  revision = "6b638e95a32d0c1131db0e7fe83775cbea4a0d0b"
  version = "v0.1.0"

[[projects]]
  name = "github.com/naoina/toml"
  packages = [".","ast"]
  revision = "e6f5723bf2a66af014955e0888881314cf294129"
  version = "v0.1.1"

[[projects]]
  branch = "master"
  name = "github.com/nathanaelle/sdialog"
  packages = ["."]
  revision = "44c686d1063dfcac0b59f329b1331882770b2870"

[[projects]]
  name = "github.com/nathanaelle/syslog5424"
  packages = [".","sdata"]
  revision = "37ed07a2e441a3f32a26282b9e957acba512bba9"
  version = "v0.2"

[[projects]]
  branch = "master"
  name = "github.com/nathanaelle/useful.types"
  packages = ["."]
  revision = "c9203833b85dec57aafafa579cdbc73f41b26f9f"

[[projects]]
  branch = "master"
  name = "golang.org/x/crypto"
  packages = ["ocsp"]
  revision = "d585fd2cc9195196078f516b69daff6744ef5e84"

[solve-meta]
  analyzer-name = "dep"
  analyzer-version = 1
  inputs-digest = "68c372fe525789f7fc72956773ccc83e889dad73c57a01f62c0526928db2ca6c"
  solver-name = "gps-cdcl"
  solver-version = 1
